// !$*UTF8*$!
{
	archiveVersion = 1;
	classes = {
	};
	objectVersion = 56;
	objects = {

/* Begin PBXBuildFile section */
		AC1A9AE729CDC675004DEDE3 /* AppDelegate.swift in Sources */ = {isa = PBXBuildFile; fileRef = AC1A9AE629CDC675004DEDE3 /* AppDelegate.swift */; };
		AC1A9AE929CDC675004DEDE3 /* SceneDelegate.swift in Sources */ = {isa = PBXBuildFile; fileRef = AC1A9AE829CDC675004DEDE3 /* SceneDelegate.swift */; };
		AC1A9AEB29CDC675004DEDE3 /* ViewController.swift in Sources */ = {isa = PBXBuildFile; fileRef = AC1A9AEA29CDC675004DEDE3 /* ViewController.swift */; };
		AC1A9AEE29CDC675004DEDE3 /* Main.storyboard in Resources */ = {isa = PBXBuildFile; fileRef = AC1A9AEC29CDC675004DEDE3 /* Main.storyboard */; };
		AC1A9AF029CDC677004DEDE3 /* Assets.xcassets in Resources */ = {isa = PBXBuildFile; fileRef = AC1A9AEF29CDC677004DEDE3 /* Assets.xcassets */; };
		AC1A9AF329CDC677004DEDE3 /* LaunchScreen.storyboard in Resources */ = {isa = PBXBuildFile; fileRef = AC1A9AF129CDC677004DEDE3 /* LaunchScreen.storyboard */; };
		AC1A9AFE29CDC678004DEDE3 /* DemoCPlusPlusAndCFilesTests.swift in Sources */ = {isa = PBXBuildFile; fileRef = AC1A9AFD29CDC678004DEDE3 /* DemoCPlusPlusAndCFilesTests.swift */; };
		AC1A9B0829CDC678004DEDE3 /* DemoCPlusPlusAndCFilesUITests.swift in Sources */ = {isa = PBXBuildFile; fileRef = AC1A9B0729CDC678004DEDE3 /* DemoCPlusPlusAndCFilesUITests.swift */; };
		AC1A9B0A29CDC678004DEDE3 /* DemoCPlusPlusAndCFilesUITestsLaunchTests.swift in Sources */ = {isa = PBXBuildFile; fileRef = AC1A9B0929CDC678004DEDE3 /* DemoCPlusPlusAndCFilesUITestsLaunchTests.swift */; };
		AC55699A29D1537C007509D3 /* CPlusPlusDemo.cpp in Sources */ = {isa = PBXBuildFile; fileRef = AC55699829D1537C007509D3 /* CPlusPlusDemo.cpp */; };
		AC55699D29D153B9007509D3 /* CPlusPlusWrapper.mm in Sources */ = {isa = PBXBuildFile; fileRef = AC55699C29D153B9007509D3 /* CPlusPlusWrapper.mm */; };
		AC5569A229D158F3007509D3 /* JSFileDemo.swift in Sources */ = {isa = PBXBuildFile; fileRef = AC5569A129D158F3007509D3 /* JSFileDemo.swift */; };
		ACFD0C2429CDC70600C5FBE0 /* CFirstFileDemo.c in Sources */ = {isa = PBXBuildFile; fileRef = ACFD0C2329CDC70600C5FBE0 /* CFirstFileDemo.c */; };
/* End PBXBuildFile section */

/* Begin PBXContainerItemProxy section */
		AC1A9AFA29CDC678004DEDE3 /* PBXContainerItemProxy */ = {
			isa = PBXContainerItemProxy;
			containerPortal = AC1A9ADB29CDC675004DEDE3 /* Project object */;
			proxyType = 1;
			remoteGlobalIDString = AC1A9AE229CDC675004DEDE3;
			remoteInfo = DemoCPlusPlusAndCFiles;
		};
		AC1A9B0429CDC678004DEDE3 /* PBXContainerItemProxy */ = {
			isa = PBXContainerItemProxy;
			containerPortal = AC1A9ADB29CDC675004DEDE3 /* Project object */;
			proxyType = 1;
			remoteGlobalIDString = AC1A9AE229CDC675004DEDE3;
			remoteInfo = DemoCPlusPlusAndCFiles;
		};
/* End PBXContainerItemProxy section */

/* Begin PBXFileReference section */
		AC1A9AE329CDC675004DEDE3 /* DemoCPlusPlusAndCFiles.app */ = {isa = PBXFileReference; explicitFileType = wrapper.application; includeInIndex = 0; path = DemoCPlusPlusAndCFiles.app; sourceTree = BUILT_PRODUCTS_DIR; };
		AC1A9AE629CDC675004DEDE3 /* AppDelegate.swift */ = {isa = PBXFileReference; lastKnownFileType = sourcecode.swift; path = AppDelegate.swift; sourceTree = "<group>"; };
		AC1A9AE829CDC675004DEDE3 /* SceneDelegate.swift */ = {isa = PBXFileReference; lastKnownFileType = sourcecode.swift; path = SceneDelegate.swift; sourceTree = "<group>"; };
		AC1A9AEA29CDC675004DEDE3 /* ViewController.swift */ = {isa = PBXFileReference; lastKnownFileType = sourcecode.swift; path = ViewController.swift; sourceTree = "<group>"; };
		AC1A9AED29CDC675004DEDE3 /* Base */ = {isa = PBXFileReference; lastKnownFileType = file.storyboard; name = Base; path = Base.lproj/Main.storyboard; sourceTree = "<group>"; };
		AC1A9AEF29CDC677004DEDE3 /* Assets.xcassets */ = {isa = PBXFileReference; lastKnownFileType = folder.assetcatalog; path = Assets.xcassets; sourceTree = "<group>"; };
		AC1A9AF229CDC677004DEDE3 /* Base */ = {isa = PBXFileReference; lastKnownFileType = file.storyboard; name = Base; path = Base.lproj/LaunchScreen.storyboard; sourceTree = "<group>"; };
		AC1A9AF429CDC677004DEDE3 /* Info.plist */ = {isa = PBXFileReference; lastKnownFileType = text.plist.xml; path = Info.plist; sourceTree = "<group>"; };
		AC1A9AF929CDC678004DEDE3 /* DemoCPlusPlusAndCFilesTests.xctest */ = {isa = PBXFileReference; explicitFileType = wrapper.cfbundle; includeInIndex = 0; path = DemoCPlusPlusAndCFilesTests.xctest; sourceTree = BUILT_PRODUCTS_DIR; };
		AC1A9AFD29CDC678004DEDE3 /* DemoCPlusPlusAndCFilesTests.swift */ = {isa = PBXFileReference; lastKnownFileType = sourcecode.swift; path = DemoCPlusPlusAndCFilesTests.swift; sourceTree = "<group>"; };
		AC1A9B0329CDC678004DEDE3 /* DemoCPlusPlusAndCFilesUITests.xctest */ = {isa = PBXFileReference; explicitFileType = wrapper.cfbundle; includeInIndex = 0; path = DemoCPlusPlusAndCFilesUITests.xctest; sourceTree = BUILT_PRODUCTS_DIR; };
		AC1A9B0729CDC678004DEDE3 /* DemoCPlusPlusAndCFilesUITests.swift */ = {isa = PBXFileReference; lastKnownFileType = sourcecode.swift; path = DemoCPlusPlusAndCFilesUITests.swift; sourceTree = "<group>"; };
		AC1A9B0929CDC678004DEDE3 /* DemoCPlusPlusAndCFilesUITestsLaunchTests.swift */ = {isa = PBXFileReference; lastKnownFileType = sourcecode.swift; path = DemoCPlusPlusAndCFilesUITestsLaunchTests.swift; sourceTree = "<group>"; };
		AC55699829D1537C007509D3 /* CPlusPlusDemo.cpp */ = {isa = PBXFileReference; lastKnownFileType = sourcecode.cpp.cpp; path = CPlusPlusDemo.cpp; sourceTree = "<group>"; };
		AC55699929D1537C007509D3 /* CPlusPlusDemo.hpp */ = {isa = PBXFileReference; lastKnownFileType = sourcecode.cpp.h; path = CPlusPlusDemo.hpp; sourceTree = "<group>"; };
		AC55699C29D153B9007509D3 /* CPlusPlusWrapper.mm */ = {isa = PBXFileReference; lastKnownFileType = sourcecode.cpp.objcpp; path = CPlusPlusWrapper.mm; sourceTree = "<group>"; };
		AC55699E29D153D3007509D3 /* CPlusPlusWrapper.h */ = {isa = PBXFileReference; lastKnownFileType = sourcecode.c.h; path = CPlusPlusWrapper.h; sourceTree = "<group>"; };
		AC5569A129D158F3007509D3 /* JSFileDemo.swift */ = {isa = PBXFileReference; lastKnownFileType = sourcecode.swift; path = JSFileDemo.swift; sourceTree = "<group>"; };
		ACFD0C2129CDC70600C5FBE0 /* DemoCPlusPlusAndCFiles-Bridging-Header.h */ = {isa = PBXFileReference; lastKnownFileType = sourcecode.c.h; path = "DemoCPlusPlusAndCFiles-Bridging-Header.h"; sourceTree = "<group>"; };
		ACFD0C2229CDC70600C5FBE0 /* CFirstFileDemo.h */ = {isa = PBXFileReference; lastKnownFileType = sourcecode.c.h; path = CFirstFileDemo.h; sourceTree = "<group>"; };
		ACFD0C2329CDC70600C5FBE0 /* CFirstFileDemo.c */ = {isa = PBXFileReference; lastKnownFileType = sourcecode.c.c; path = CFirstFileDemo.c; sourceTree = "<group>"; };
/* End PBXFileReference section */

/* Begin PBXFrameworksBuildPhase section */
		AC1A9AE029CDC675004DEDE3 /* Frameworks */ = {
			isa = PBXFrameworksBuildPhase;
			buildActionMask = 2147483647;
			files = (
			);
			runOnlyForDeploymentPostprocessing = 0;
		};
		AC1A9AF629CDC678004DEDE3 /* Frameworks */ = {
			isa = PBXFrameworksBuildPhase;
			buildActionMask = 2147483647;
			files = (
			);
			runOnlyForDeploymentPostprocessing = 0;
		};
		AC1A9B0029CDC678004DEDE3 /* Frameworks */ = {
			isa = PBXFrameworksBuildPhase;
			buildActionMask = 2147483647;
			files = (
			);
			runOnlyForDeploymentPostprocessing = 0;
		};
/* End PBXFrameworksBuildPhase section */

/* Begin PBXGroup section */
		AC1A9ADA29CDC675004DEDE3 = {
			isa = PBXGroup;
			children = (
				AC1A9AE529CDC675004DEDE3 /* DemoCPlusPlusAndCFiles */,
				AC1A9AFC29CDC678004DEDE3 /* DemoCPlusPlusAndCFilesTests */,
				AC1A9B0629CDC678004DEDE3 /* DemoCPlusPlusAndCFilesUITests */,
				AC1A9AE429CDC675004DEDE3 /* Products */,
			);
			sourceTree = "<group>";
		};
		AC1A9AE429CDC675004DEDE3 /* Products */ = {
			isa = PBXGroup;
			children = (
				AC1A9AE329CDC675004DEDE3 /* DemoCPlusPlusAndCFiles.app */,
				AC1A9AF929CDC678004DEDE3 /* DemoCPlusPlusAndCFilesTests.xctest */,
				AC1A9B0329CDC678004DEDE3 /* DemoCPlusPlusAndCFilesUITests.xctest */,
			);
			name = Products;
			sourceTree = "<group>";
		};
		AC1A9AE529CDC675004DEDE3 /* DemoCPlusPlusAndCFiles */ = {
			isa = PBXGroup;
			children = (
				AC5569A029D158D0007509D3 /* JavaScriptDemo */,
				AC55699729D1534C007509D3 /* CPlusPlus Files */,
				ACFD0C2029CDC6EA00C5FBE0 /* C Files */,
				AC1A9AE629CDC675004DEDE3 /* AppDelegate.swift */,
				AC1A9AE829CDC675004DEDE3 /* SceneDelegate.swift */,
				AC1A9AEA29CDC675004DEDE3 /* ViewController.swift */,
				ACFD0C2129CDC70600C5FBE0 /* DemoCPlusPlusAndCFiles-Bridging-Header.h */,
				AC1A9AEC29CDC675004DEDE3 /* Main.storyboard */,
				AC1A9AEF29CDC677004DEDE3 /* Assets.xcassets */,
				AC1A9AF129CDC677004DEDE3 /* LaunchScreen.storyboard */,
				AC1A9AF429CDC677004DEDE3 /* Info.plist */,
			);
			path = DemoCPlusPlusAndCFiles;
			sourceTree = "<group>";
		};
		AC1A9AFC29CDC678004DEDE3 /* DemoCPlusPlusAndCFilesTests */ = {
			isa = PBXGroup;
			children = (
				AC1A9AFD29CDC678004DEDE3 /* DemoCPlusPlusAndCFilesTests.swift */,
			);
			path = DemoCPlusPlusAndCFilesTests;
			sourceTree = "<group>";
		};
		AC1A9B0629CDC678004DEDE3 /* DemoCPlusPlusAndCFilesUITests */ = {
			isa = PBXGroup;
			children = (
				AC1A9B0729CDC678004DEDE3 /* DemoCPlusPlusAndCFilesUITests.swift */,
				AC1A9B0929CDC678004DEDE3 /* DemoCPlusPlusAndCFilesUITestsLaunchTests.swift */,
			);
			path = DemoCPlusPlusAndCFilesUITests;
			sourceTree = "<group>";
		};
		AC55699729D1534C007509D3 /* CPlusPlus Files */ = {
			isa = PBXGroup;
			children = (
				AC55699B29D15387007509D3 /* Obj C Wrapper */,
				AC55699929D1537C007509D3 /* CPlusPlusDemo.hpp */,
				AC55699829D1537C007509D3 /* CPlusPlusDemo.cpp */,
			);
			path = "CPlusPlus Files";
			sourceTree = "<group>";
		};
		AC55699B29D15387007509D3 /* Obj C Wrapper */ = {
			isa = PBXGroup;
			children = (
				AC55699E29D153D3007509D3 /* CPlusPlusWrapper.h */,
				AC55699C29D153B9007509D3 /* CPlusPlusWrapper.mm */,
			);
			path = "Obj C Wrapper";
			sourceTree = "<group>";
		};
		AC5569A029D158D0007509D3 /* JavaScriptDemo */ = {
			isa = PBXGroup;
			children = (
				AC5569A129D158F3007509D3 /* JSFileDemo.swift */,
			);
			path = JavaScriptDemo;
			sourceTree = "<group>";
		};
		ACFD0C2029CDC6EA00C5FBE0 /* C Files */ = {
			isa = PBXGroup;
			children = (
				ACFD0C2229CDC70600C5FBE0 /* CFirstFileDemo.h */,
				ACFD0C2329CDC70600C5FBE0 /* CFirstFileDemo.c */,
			);
			path = "C Files";
			sourceTree = "<group>";
		};
/* End PBXGroup section */

/* Begin PBXNativeTarget section */
		AC1A9AE229CDC675004DEDE3 /* DemoCPlusPlusAndCFiles */ = {
			isa = PBXNativeTarget;
			buildConfigurationList = AC1A9B0D29CDC678004DEDE3 /* Build configuration list for PBXNativeTarget "DemoCPlusPlusAndCFiles" */;
			buildPhases = (
				AC1A9ADF29CDC675004DEDE3 /* Sources */,
				AC1A9AE029CDC675004DEDE3 /* Frameworks */,
				AC1A9AE129CDC675004DEDE3 /* Resources */,
			);
			buildRules = (
			);
			dependencies = (
			);
			name = DemoCPlusPlusAndCFiles;
			productName = DemoCPlusPlusAndCFiles;
			productReference = AC1A9AE329CDC675004DEDE3 /* DemoCPlusPlusAndCFiles.app */;
			productType = "com.apple.product-type.application";
		};
		AC1A9AF829CDC678004DEDE3 /* DemoCPlusPlusAndCFilesTests */ = {
			isa = PBXNativeTarget;
			buildConfigurationList = AC1A9B1029CDC678004DEDE3 /* Build configuration list for PBXNativeTarget "DemoCPlusPlusAndCFilesTests" */;
			buildPhases = (
				AC1A9AF529CDC678004DEDE3 /* Sources */,
				AC1A9AF629CDC678004DEDE3 /* Frameworks */,
				AC1A9AF729CDC678004DEDE3 /* Resources */,
			);
			buildRules = (
			);
			dependencies = (
				AC1A9AFB29CDC678004DEDE3 /* PBXTargetDependency */,
			);
			name = DemoCPlusPlusAndCFilesTests;
			productName = DemoCPlusPlusAndCFilesTests;
			productReference = AC1A9AF929CDC678004DEDE3 /* DemoCPlusPlusAndCFilesTests.xctest */;
			productType = "com.apple.product-type.bundle.unit-test";
		};
		AC1A9B0229CDC678004DEDE3 /* DemoCPlusPlusAndCFilesUITests */ = {
			isa = PBXNativeTarget;
			buildConfigurationList = AC1A9B1329CDC678004DEDE3 /* Build configuration list for PBXNativeTarget "DemoCPlusPlusAndCFilesUITests" */;
			buildPhases = (
				AC1A9AFF29CDC678004DEDE3 /* Sources */,
				AC1A9B0029CDC678004DEDE3 /* Frameworks */,
				AC1A9B0129CDC678004DEDE3 /* Resources */,
			);
			buildRules = (
			);
			dependencies = (
				AC1A9B0529CDC678004DEDE3 /* PBXTargetDependency */,
			);
			name = DemoCPlusPlusAndCFilesUITests;
			productName = DemoCPlusPlusAndCFilesUITests;
			productReference = AC1A9B0329CDC678004DEDE3 /* DemoCPlusPlusAndCFilesUITests.xctest */;
			productType = "com.apple.product-type.bundle.ui-testing";
		};
/* End PBXNativeTarget section */

/* Begin PBXProject section */
		AC1A9ADB29CDC675004DEDE3 /* Project object */ = {
			isa = PBXProject;
			attributes = {
				BuildIndependentTargetsInParallel = 1;
				LastSwiftUpdateCheck = 1400;
				LastUpgradeCheck = 1400;
				TargetAttributes = {
					AC1A9AE229CDC675004DEDE3 = {
						CreatedOnToolsVersion = 14.0;
						LastSwiftMigration = 1400;
					};
					AC1A9AF829CDC678004DEDE3 = {
						CreatedOnToolsVersion = 14.0;
						TestTargetID = AC1A9AE229CDC675004DEDE3;
					};
					AC1A9B0229CDC678004DEDE3 = {
						CreatedOnToolsVersion = 14.0;
						TestTargetID = AC1A9AE229CDC675004DEDE3;
					};
				};
			};
			buildConfigurationList = AC1A9ADE29CDC675004DEDE3 /* Build configuration list for PBXProject "DemoCPlusPlusAndCFiles" */;
			compatibilityVersion = "Xcode 14.0";
			developmentRegion = en;
			hasScannedForEncodings = 0;
			knownRegions = (
				en,
				Base,
			);
			mainGroup = AC1A9ADA29CDC675004DEDE3;
			productRefGroup = AC1A9AE429CDC675004DEDE3 /* Products */;
			projectDirPath = "";
			projectRoot = "";
			targets = (
				AC1A9AE229CDC675004DEDE3 /* DemoCPlusPlusAndCFiles */,
				AC1A9AF829CDC678004DEDE3 /* DemoCPlusPlusAndCFilesTests */,
				AC1A9B0229CDC678004DEDE3 /* DemoCPlusPlusAndCFilesUITests */,
			);
		};
/* End PBXProject section */

/* Begin PBXResourcesBuildPhase section */
		AC1A9AE129CDC675004DEDE3 /* Resources */ = {
			isa = PBXResourcesBuildPhase;
			buildActionMask = 2147483647;
			files = (
				AC1A9AF329CDC677004DEDE3 /* LaunchScreen.storyboard in Resources */,
				AC1A9AF029CDC677004DEDE3 /* Assets.xcassets in Resources */,
				AC1A9AEE29CDC675004DEDE3 /* Main.storyboard in Resources */,
			);
			runOnlyForDeploymentPostprocessing = 0;
		};
		AC1A9AF729CDC678004DEDE3 /* Resources */ = {
			isa = PBXResourcesBuildPhase;
			buildActionMask = 2147483647;
			files = (
			);
			runOnlyForDeploymentPostprocessing = 0;
		};
		AC1A9B0129CDC678004DEDE3 /* Resources */ = {
			isa = PBXResourcesBuildPhase;
			buildActionMask = 2147483647;
			files = (
			);
			runOnlyForDeploymentPostprocessing = 0;
		};
/* End PBXResourcesBuildPhase section */

/* Begin PBXSourcesBuildPhase section */
		AC1A9ADF29CDC675004DEDE3 /* Sources */ = {
			isa = PBXSourcesBuildPhase;
			buildActionMask = 2147483647;
			files = (
				AC55699A29D1537C007509D3 /* CPlusPlusDemo.cpp in Sources */,
				AC1A9AEB29CDC675004DEDE3 /* ViewController.swift in Sources */,
				ACFD0C2429CDC70600C5FBE0 /* CFirstFileDemo.c in Sources */,
				AC5569A229D158F3007509D3 /* JSFileDemo.swift in Sources */,
				AC1A9AE729CDC675004DEDE3 /* AppDelegate.swift in Sources */,
				AC1A9AE929CDC675004DEDE3 /* SceneDelegate.swift in Sources */,
				AC55699D29D153B9007509D3 /* CPlusPlusWrapper.mm in Sources */,
			);
			runOnlyForDeploymentPostprocessing = 0;
		};
		AC1A9AF529CDC678004DEDE3 /* Sources */ = {
			isa = PBXSourcesBuildPhase;
			buildActionMask = 2147483647;
			files = (
				AC1A9AFE29CDC678004DEDE3 /* DemoCPlusPlusAndCFilesTests.swift in Sources */,
			);
			runOnlyForDeploymentPostprocessing = 0;
		};
		AC1A9AFF29CDC678004DEDE3 /* Sources */ = {
			isa = PBXSourcesBuildPhase;
			buildActionMask = 2147483647;
			files = (
				AC1A9B0829CDC678004DEDE3 /* DemoCPlusPlusAndCFilesUITests.swift in Sources */,
				AC1A9B0A29CDC678004DEDE3 /* DemoCPlusPlusAndCFilesUITestsLaunchTests.swift in Sources */,
			);
			runOnlyForDeploymentPostprocessing = 0;
		};
/* End PBXSourcesBuildPhase section */

/* Begin PBXTargetDependency section */
		AC1A9AFB29CDC678004DEDE3 /* PBXTargetDependency */ = {
			isa = PBXTargetDependency;
			target = AC1A9AE229CDC675004DEDE3 /* DemoCPlusPlusAndCFiles */;
			targetProxy = AC1A9AFA29CDC678004DEDE3 /* PBXContainerItemProxy */;
		};
		AC1A9B0529CDC678004DEDE3 /* PBXTargetDependency */ = {
			isa = PBXTargetDependency;
			target = AC1A9AE229CDC675004DEDE3 /* DemoCPlusPlusAndCFiles */;
			targetProxy = AC1A9B0429CDC678004DEDE3 /* PBXContainerItemProxy */;
		};
/* End PBXTargetDependency section */

/* Begin PBXVariantGroup section */
		AC1A9AEC29CDC675004DEDE3 /* Main.storyboard */ = {
			isa = PBXVariantGroup;
			children = (
				AC1A9AED29CDC675004DEDE3 /* Base */,
			);
			name = Main.storyboard;
			sourceTree = "<group>";
		};
		AC1A9AF129CDC677004DEDE3 /* LaunchScreen.storyboard */ = {
			isa = PBXVariantGroup;
			children = (
				AC1A9AF229CDC677004DEDE3 /* Base */,
			);
			name = LaunchScreen.storyboard;
			sourceTree = "<group>";
		};
/* End PBXVariantGroup section */

/* Begin XCBuildConfiguration section */
		AC1A9B0B29CDC678004DEDE3 /* Debug */ = {
			isa = XCBuildConfiguration;
			buildSettings = {
				ALWAYS_SEARCH_USER_PATHS = NO;
				CLANG_ANALYZER_NONNULL = YES;
				CLANG_ANALYZER_NUMBER_OBJECT_CONVERSION = YES_AGGRESSIVE;
				CLANG_CXX_LANGUAGE_STANDARD = "gnu++20";
				CLANG_ENABLE_MODULES = YES;
				CLANG_ENABLE_OBJC_ARC = YES;
				CLANG_ENABLE_OBJC_WEAK = YES;
				CLANG_WARN_BLOCK_CAPTURE_AUTORELEASING = YES;
				CLANG_WARN_BOOL_CONVERSION = YES;
				CLANG_WARN_COMMA = YES;
				CLANG_WARN_CONSTANT_CONVERSION = YES;
				CLANG_WARN_DEPRECATED_OBJC_IMPLEMENTATIONS = YES;
				CLANG_WARN_DIRECT_OBJC_ISA_USAGE = YES_ERROR;
				CLANG_WARN_DOCUMENTATION_COMMENTS = YES;
				CLANG_WARN_EMPTY_BODY = YES;
				CLANG_WARN_ENUM_CONVERSION = YES;
				CLANG_WARN_INFINITE_RECURSION = YES;
				CLANG_WARN_INT_CONVERSION = YES;
				CLANG_WARN_NON_LITERAL_NULL_CONVERSION = YES;
				CLANG_WARN_OBJC_IMPLICIT_RETAIN_SELF = YES;
				CLANG_WARN_OBJC_LITERAL_CONVERSION = YES;
				CLANG_WARN_OBJC_ROOT_CLASS = YES_ERROR;
				CLANG_WARN_QUOTED_INCLUDE_IN_FRAMEWORK_HEADER = YES;
				CLANG_WARN_RANGE_LOOP_ANALYSIS = YES;
				CLANG_WARN_STRICT_PROTOTYPES = YES;
				CLANG_WARN_SUSPICIOUS_MOVE = YES;
				CLANG_WARN_UNGUARDED_AVAILABILITY = YES_AGGRESSIVE;
				CLANG_WARN_UNREACHABLE_CODE = YES;
				CLANG_WARN__DUPLICATE_METHOD_MATCH = YES;
				COPY_PHASE_STRIP = NO;
				DEBUG_INFORMATION_FORMAT = dwarf;
				ENABLE_STRICT_OBJC_MSGSEND = YES;
				ENABLE_TESTABILITY = YES;
				GCC_C_LANGUAGE_STANDARD = gnu11;
				GCC_DYNAMIC_NO_PIC = NO;
				GCC_NO_COMMON_BLOCKS = YES;
				GCC_OPTIMIZATION_LEVEL = 0;
				GCC_PREPROCESSOR_DEFINITIONS = (
					"DEBUG=1",
					"$(inherited)",
				);
				GCC_WARN_64_TO_32_BIT_CONVERSION = YES;
				GCC_WARN_ABOUT_RETURN_TYPE = YES_ERROR;
				GCC_WARN_UNDECLARED_SELECTOR = YES;
				GCC_WARN_UNINITIALIZED_AUTOS = YES_AGGRESSIVE;
				GCC_WARN_UNUSED_FUNCTION = YES;
				GCC_WARN_UNUSED_VARIABLE = YES;
				IPHONEOS_DEPLOYMENT_TARGET = 16.0;
				MTL_ENABLE_DEBUG_INFO = INCLUDE_SOURCE;
				MTL_FAST_MATH = YES;
				ONLY_ACTIVE_ARCH = YES;
				SDKROOT = iphoneos;
				SWIFT_ACTIVE_COMPILATION_CONDITIONS = DEBUG;
				SWIFT_OPTIMIZATION_LEVEL = "-Onone";
			};
			name = Debug;
		};
		AC1A9B0C29CDC678004DEDE3 /* Release */ = {
			isa = XCBuildConfiguration;
			buildSettings = {
				ALWAYS_SEARCH_USER_PATHS = NO;
				CLANG_ANALYZER_NONNULL = YES;
				CLANG_ANALYZER_NUMBER_OBJECT_CONVERSION = YES_AGGRESSIVE;
				CLANG_CXX_LANGUAGE_STANDARD = "gnu++20";
				CLANG_ENABLE_MODULES = YES;
				CLANG_ENABLE_OBJC_ARC = YES;
				CLANG_ENABLE_OBJC_WEAK = YES;
				CLANG_WARN_BLOCK_CAPTURE_AUTORELEASING = YES;
				CLANG_WARN_BOOL_CONVERSION = YES;
				CLANG_WARN_COMMA = YES;
				CLANG_WARN_CONSTANT_CONVERSION = YES;
				CLANG_WARN_DEPRECATED_OBJC_IMPLEMENTATIONS = YES;
				CLANG_WARN_DIRECT_OBJC_ISA_USAGE = YES_ERROR;
				CLANG_WARN_DOCUMENTATION_COMMENTS = YES;
				CLANG_WARN_EMPTY_BODY = YES;
				CLANG_WARN_ENUM_CONVERSION = YES;
				CLANG_WARN_INFINITE_RECURSION = YES;
				CLANG_WARN_INT_CONVERSION = YES;
				CLANG_WARN_NON_LITERAL_NULL_CONVERSION = YES;
				CLANG_WARN_OBJC_IMPLICIT_RETAIN_SELF = YES;
				CLANG_WARN_OBJC_LITERAL_CONVERSION = YES;
				CLANG_WARN_OBJC_ROOT_CLASS = YES_ERROR;
				CLANG_WARN_QUOTED_INCLUDE_IN_FRAMEWORK_HEADER = YES;
				CLANG_WARN_RANGE_LOOP_ANALYSIS = YES;
				CLANG_WARN_STRICT_PROTOTYPES = YES;
				CLANG_WARN_SUSPICIOUS_MOVE = YES;
				CLANG_WARN_UNGUARDED_AVAILABILITY = YES_AGGRESSIVE;
				CLANG_WARN_UNREACHABLE_CODE = YES;
				CLANG_WARN__DUPLICATE_METHOD_MATCH = YES;
				COPY_PHASE_STRIP = NO;
				DEBUG_INFORMATION_FORMAT = "dwarf-with-dsym";
				ENABLE_NS_ASSERTIONS = NO;
				ENABLE_STRICT_OBJC_MSGSEND = YES;
				GCC_C_LANGUAGE_STANDARD = gnu11;
				GCC_NO_COMMON_BLOCKS = YES;
				GCC_WARN_64_TO_32_BIT_CONVERSION = YES;
				GCC_WARN_ABOUT_RETURN_TYPE = YES_ERROR;
				GCC_WARN_UNDECLARED_SELECTOR = YES;
				GCC_WARN_UNINITIALIZED_AUTOS = YES_AGGRESSIVE;
				GCC_WARN_UNUSED_FUNCTION = YES;
				GCC_WARN_UNUSED_VARIABLE = YES;
				IPHONEOS_DEPLOYMENT_TARGET = 16.0;
				MTL_ENABLE_DEBUG_INFO = NO;
				MTL_FAST_MATH = YES;
				SDKROOT = iphoneos;
				SWIFT_COMPILATION_MODE = wholemodule;
				SWIFT_OPTIMIZATION_LEVEL = "-O";
				VALIDATE_PRODUCT = YES;
			};
			name = Release;
		};
		AC1A9B0E29CDC678004DEDE3 /* Debug */ = {
			isa = XCBuildConfiguration;
			buildSettings = {
				ASSETCATALOG_COMPILER_APPICON_NAME = AppIcon;
				ASSETCATALOG_COMPILER_GLOBAL_ACCENT_COLOR_NAME = AccentColor;
				CLANG_ENABLE_MODULES = YES;
				CODE_SIGN_STYLE = Automatic;
				CURRENT_PROJECT_VERSION = 1;
				DEVELOPMENT_TEAM = C82DAJ8M65;
				GENERATE_INFOPLIST_FILE = YES;
				INFOPLIST_FILE = DemoCPlusPlusAndCFiles/Info.plist;
				INFOPLIST_KEY_UIApplicationSupportsIndirectInputEvents = YES;
				INFOPLIST_KEY_UILaunchStoryboardName = LaunchScreen;
				INFOPLIST_KEY_UIMainStoryboardFile = Main;
				INFOPLIST_KEY_UISupportedInterfaceOrientations_iPad = "UIInterfaceOrientationPortrait UIInterfaceOrientationPortraitUpsideDown UIInterfaceOrientationLandscapeLeft UIInterfaceOrientationLandscapeRight";
				INFOPLIST_KEY_UISupportedInterfaceOrientations_iPhone = "UIInterfaceOrientationPortrait UIInterfaceOrientationLandscapeLeft UIInterfaceOrientationLandscapeRight";
				LD_RUNPATH_SEARCH_PATHS = (
					"$(inherited)",
					"@executable_path/Frameworks",
				);
				MARKETING_VERSION = 1.0;
				PRODUCT_BUNDLE_IDENTIFIER = com.as.DemoCPlusPlusAndCFiles;
				PRODUCT_NAME = "$(TARGET_NAME)";
				SWIFT_EMIT_LOC_STRINGS = YES;
				SWIFT_OBJC_BRIDGING_HEADER = "DemoCPlusPlusAndCFiles/C Files/DemoCPlusPlusAndCFiles-Bridging-Header.h";
				SWIFT_OPTIMIZATION_LEVEL = "-Onone";
				SWIFT_VERSION = 5.0;
				TARGETED_DEVICE_FAMILY = "1,2";
			};
			name = Debug;
		};
		AC1A9B0F29CDC678004DEDE3 /* Release */ = {
			isa = XCBuildConfiguration;
			buildSettings = {
				ASSETCATALOG_COMPILER_APPICON_NAME = AppIcon;
				ASSETCATALOG_COMPILER_GLOBAL_ACCENT_COLOR_NAME = AccentColor;
				CLANG_ENABLE_MODULES = YES;
				CODE_SIGN_STYLE = Automatic;
				CURRENT_PROJECT_VERSION = 1;
				DEVELOPMENT_TEAM = C82DAJ8M65;
				GENERATE_INFOPLIST_FILE = YES;
				INFOPLIST_FILE = DemoCPlusPlusAndCFiles/Info.plist;
				INFOPLIST_KEY_UIApplicationSupportsIndirectInputEvents = YES;
				INFOPLIST_KEY_UILaunchStoryboardName = LaunchScreen;
				INFOPLIST_KEY_UIMainStoryboardFile = Main;
				INFOPLIST_KEY_UISupportedInterfaceOrientations_iPad = "UIInterfaceOrientationPortrait UIInterfaceOrientationPortraitUpsideDown UIInterfaceOrientationLandscapeLeft UIInterfaceOrientationLandscapeRight";
				INFOPLIST_KEY_UISupportedInterfaceOrientations_iPhone = "UIInterfaceOrientationPortrait UIInterfaceOrientationLandscapeLeft UIInterfaceOrientationLandscapeRight";
				LD_RUNPATH_SEARCH_PATHS = (
					"$(inherited)",
					"@executable_path/Frameworks",
				);
				MARKETING_VERSION = 1.0;
				PRODUCT_BUNDLE_IDENTIFIER = com.as.DemoCPlusPlusAndCFiles;
				PRODUCT_NAME = "$(TARGET_NAME)";
				SWIFT_EMIT_LOC_STRINGS = YES;
				SWIFT_OBJC_BRIDGING_HEADER = "DemoCPlusPlusAndCFiles/C Files/DemoCPlusPlusAndCFiles-Bridging-Header.h";
				SWIFT_VERSION = 5.0;
				TARGETED_DEVICE_FAMILY = "1,2";
			};
			name = Release;
		};
		AC1A9B1129CDC678004DEDE3 /* Debug */ = {
			isa = XCBuildConfiguration;
			buildSettings = {
				ALWAYS_EMBED_SWIFT_STANDARD_LIBRARIES = YES;
				BUNDLE_LOADER = "$(TEST_HOST)";
				CODE_SIGN_STYLE = Automatic;
				CURRENT_PROJECT_VERSION = 1;
				DEVELOPMENT_TEAM = C82DAJ8M65;
				GENERATE_INFOPLIST_FILE = YES;
				IPHONEOS_DEPLOYMENT_TARGET = 16.0;
				MARKETING_VERSION = 1.0;
				PRODUCT_BUNDLE_IDENTIFIER = com.as.DemoCPlusPlusAndCFilesTests;
				PRODUCT_NAME = "$(TARGET_NAME)";
				SWIFT_EMIT_LOC_STRINGS = NO;
				SWIFT_VERSION = 5.0;
				TARGETED_DEVICE_FAMILY = "1,2";
				TEST_HOST = "$(BUILT_PRODUCTS_DIR)/DemoCPlusPlusAndCFiles.app/$(BUNDLE_EXECUTABLE_FOLDER_PATH)/DemoCPlusPlusAndCFiles";
			};
			name = Debug;
		};
		AC1A9B1229CDC678004DEDE3 /* Release */ = {
			isa = XCBuildConfiguration;
			buildSettings = {
				ALWAYS_EMBED_SWIFT_STANDARD_LIBRARIES = YES;
				BUNDLE_LOADER = "$(TEST_HOST)";
				CODE_SIGN_STYLE = Automatic;
				CURRENT_PROJECT_VERSION = 1;
				DEVELOPMENT_TEAM = C82DAJ8M65;
				GENERATE_INFOPLIST_FILE = YES;
				IPHONEOS_DEPLOYMENT_TARGET = 16.0;
				MARKETING_VERSION = 1.0;
				PRODUCT_BUNDLE_IDENTIFIER = com.as.DemoCPlusPlusAndCFilesTests;
				PRODUCT_NAME = "$(TARGET_NAME)";
				SWIFT_EMIT_LOC_STRINGS = NO;
				SWIFT_VERSION = 5.0;
				TARGETED_DEVICE_FAMILY = "1,2";
				TEST_HOST = "$(BUILT_PRODUCTS_DIR)/DemoCPlusPlusAndCFiles.app/$(BUNDLE_EXECUTABLE_FOLDER_PATH)/DemoCPlusPlusAndCFiles";
			};
			name = Release;
		};
		AC1A9B1429CDC678004DEDE3 /* Debug */ = {
			isa = XCBuildConfiguration;
			buildSettings = {
				ALWAYS_EMBED_SWIFT_STANDARD_LIBRARIES = YES;
				CODE_SIGN_STYLE = Automatic;
				CURRENT_PROJECT_VERSION = 1;
				DEVELOPMENT_TEAM = C82DAJ8M65;
				GENERATE_INFOPLIST_FILE = YES;
				MARKETING_VERSION = 1.0;
				PRODUCT_BUNDLE_IDENTIFIER = com.as.DemoCPlusPlusAndCFilesUITests;
				PRODUCT_NAME = "$(TARGET_NAME)";
				SWIFT_EMIT_LOC_STRINGS = NO;
				SWIFT_VERSION = 5.0;
				TARGETED_DEVICE_FAMILY = "1,2";
				TEST_TARGET_NAME = DemoCPlusPlusAndCFiles;
			};
			name = Debug;
		};
		AC1A9B1529CDC678004DEDE3 /* Release */ = {
			isa = XCBuildConfiguration;
			buildSettings = {
				ALWAYS_EMBED_SWIFT_STANDARD_LIBRARIES = YES;
				CODE_SIGN_STYLE = Automatic;
				CURRENT_PROJECT_VERSION = 1;
				DEVELOPMENT_TEAM = C82DAJ8M65;
				GENERATE_INFOPLIST_FILE = YES;
				MARKETING_VERSION = 1.0;
				PRODUCT_BUNDLE_IDENTIFIER = com.as.DemoCPlusPlusAndCFilesUITests;
				PRODUCT_NAME = "$(TARGET_NAME)";
				SWIFT_EMIT_LOC_STRINGS = NO;
				SWIFT_VERSION = 5.0;
				TARGETED_DEVICE_FAMILY = "1,2";
				TEST_TARGET_NAME = DemoCPlusPlusAndCFiles;
			};
			name = Release;
		};
/* End XCBuildConfiguration section */

/* Begin XCConfigurationList section */
		AC1A9ADE29CDC675004DEDE3 /* Build configuration list for PBXProject "DemoCPlusPlusAndCFiles" */ = {
			isa = XCConfigurationList;
			buildConfigurations = (
				AC1A9B0B29CDC678004DEDE3 /* Debug */,
				AC1A9B0C29CDC678004DEDE3 /* Release */,
			);
			defaultConfigurationIsVisible = 0;
			defaultConfigurationName = Release;
		};
		AC1A9B0D29CDC678004DEDE3 /* Build configuration list for PBXNativeTarget "DemoCPlusPlusAndCFiles" */ = {
			isa = XCConfigurationList;
			buildConfigurations = (
				AC1A9B0E29CDC678004DEDE3 /* Debug */,
				AC1A9B0F29CDC678004DEDE3 /* Release */,
			);
			defaultConfigurationIsVisible = 0;
			defaultConfigurationName = Release;
		};
		AC1A9B1029CDC678004DEDE3 /* Build configuration list for PBXNativeTarget "DemoCPlusPlusAndCFilesTests" */ = {
			isa = XCConfigurationList;
			buildConfigurations = (
				AC1A9B1129CDC678004DEDE3 /* Debug */,
				AC1A9B1229CDC678004DEDE3 /* Release */,
			);
			defaultConfigurationIsVisible = 0;
			defaultConfigurationName = Release;
		};
		AC1A9B1329CDC678004DEDE3 /* Build configuration list for PBXNativeTarget "DemoCPlusPlusAndCFilesUITests" */ = {
			isa = XCConfigurationList;
			buildConfigurations = (
				AC1A9B1429CDC678004DEDE3 /* Debug */,
				AC1A9B1529CDC678004DEDE3 /* Release */,
			);
			defaultConfigurationIsVisible = 0;
			defaultConfigurationName = Release;
		};
/* End XCConfigurationList section */
	};
	rootObject = AC1A9ADB29CDC675004DEDE3 /* Project object */;
}
